
Microsoft Visual Studio Solution File, Format Version 12.00
# Visual Studio Version 17
VisualStudioVersion = 17.0.31903.59
MinimumVisualStudioVersion = 10.0.40219.1
Project("{FAE04EC0-301F-11D3-BF4B-00C04F79EFBC}") = "DAY_01_1", "DAY_01_1\DAY_01_1.csproj", "{8B1A4F85-C462-4ABC-A066-92540DB384E1}"
EndProject
Project("{FAE04EC0-301F-11D3-BF4B-00C04F79EFBC}") = "DAY_01_2", "DAY_01_2\DAY_01_2.csproj", "{906F6D30-781E-4BF5-9EA2-AF2E71D60445}"
EndProject
Project("{FAE04EC0-301F-11D3-BF4B-00C04F79EFBC}") = "DAY_02_1", "DAY_02_1\DAY_02_1.csproj", "{D172685B-BCC4-4FE8-813B-9A0F1A3CFC8D}"
EndProject
Project("{FAE04EC0-301F-11D3-BF4B-00C04F79EFBC}") = "DAY_02_2", "DAY_02_2\DAY_02_2.csproj", "{08B69276-7294-4D2E-93AF-279D8EE4A1F1}"
EndProject
Project("{FAE04EC0-301F-11D3-BF4B-00C04F79EFBC}") = "DAY_03_1", "DAY_03_1\DAY_03_1.csproj", "{5AA01F85-669D-4735-874D-1C77D46A2359}"
EndProject
Project("{FAE04EC0-301F-11D3-BF4B-00C04F79EFBC}") = "DAY_03_2", "DAY_03_2\DAY_03_2.csproj", "{B8FB62ED-0B03-4803-B36E-18E1A1C07A0C}"
EndProject
Project("{FAE04EC0-301F-11D3-BF4B-00C04F79EFBC}") = "DAY_04_1", "DAY_04_1\DAY_04_1.csproj", "{090FF997-50EA-4F64-8A85-5DE3815585BD}"
EndProject
Project("{FAE04EC0-301F-11D3-BF4B-00C04F79EFBC}") = "DAY_04_2", "DAY_04_2\DAY_04_2.csproj", "{EC09AC72-C321-4ABD-A237-E51F185871DE}"
EndProject
Project("{FAE04EC0-301F-11D3-BF4B-00C04F79EFBC}") = "DAY_05_1", "DAY_05_1\DAY_05_1.csproj", "{65447B73-6E5E-4871-85B6-66A53B11D501}"
EndProject
Project("{FAE04EC0-301F-11D3-BF4B-00C04F79EFBC}") = "DAY_05_2", "DAY_05_2\DAY_05_2.csproj", "{F0FE5171-4EEA-48CF-96F8-94781E702D1E}"
EndProject
Project("{FAE04EC0-301F-11D3-BF4B-00C04F79EFBC}") = "DAY_06_1", "DAY_06_1\DAY_06_1.csproj", "{1444A9EF-8E7E-49E3-9A2E-F5AB003F8C1C}"
EndProject
Project("{FAE04EC0-301F-11D3-BF4B-00C04F79EFBC}") = "DAY_06_2", "DAY_06_2\DAY_06_2.csproj", "{B34E591E-BE40-4A88-8C3F-8605E7B2C252}"
EndProject
Project("{FAE04EC0-301F-11D3-BF4B-00C04F79EFBC}") = "DAY_07_1", "DAY_07_1\DAY_07_1.csproj", "{1ED7E9B0-C5DA-4EF1-B894-D9DFDE8075D6}"
EndProject
Project("{FAE04EC0-301F-11D3-BF4B-00C04F79EFBC}") = "DAY_07_2", "DAY_07_2\DAY_07_2.csproj", "{B7074089-9946-480F-93EC-4DE1C9B56649}"
EndProject
Project("{FAE04EC0-301F-11D3-BF4B-00C04F79EFBC}") = "DAY_08_1", "DAY_08_1\DAY_08_1.csproj", "{F0F3A6C0-1BA7-4A53-AD90-71CBC03A4F08}"
EndProject
Project("{FAE04EC0-301F-11D3-BF4B-00C04F79EFBC}") = "DAY_08_2", "DAY_08_2\DAY_08_2.csproj", "{42184DE0-421F-4761-96FA-BEC3A16AAA00}"
EndProject
Project("{FAE04EC0-301F-11D3-BF4B-00C04F79EFBC}") = "DAY_09_1", "DAY_09_1\DAY_09_1.csproj", "{94B36EE8-B03C-4E41-9010-134A01F0AD3A}"
EndProject
Project("{FAE04EC0-301F-11D3-BF4B-00C04F79EFBC}") = "DAY_09_2", "DAY_09_2\DAY_09_2.csproj", "{ECF9B981-9667-4F6E-B28D-A1D137E608EF}"
EndProject
Project("{FAE04EC0-301F-11D3-BF4B-00C04F79EFBC}") = "DAY_10_1", "DAY_10_1\DAY_10_1.csproj", "{9393E4F6-CF2D-4990-B229-A4F37BB862B2}"
EndProject
Project("{FAE04EC0-301F-11D3-BF4B-00C04F79EFBC}") = "DAY_10_2", "DAY_10_2\DAY_10_2.csproj", "{9F4700D5-4967-48A2-AFD6-33B7E289F277}"
EndProject
Project("{FAE04EC0-301F-11D3-BF4B-00C04F79EFBC}") = "DAY_11_1", "DAY_11_1\DAY_11_1.csproj", "{F58B29AF-B6AE-4513-BDEA-6235217A87F3}"
EndProject
Project("{FAE04EC0-301F-11D3-BF4B-00C04F79EFBC}") = "DAY_11_2", "DAY_11_2\DAY_11_2.csproj", "{F88C7CE3-114A-47C8-9510-CE9B04061D41}"
EndProject
Project("{FAE04EC0-301F-11D3-BF4B-00C04F79EFBC}") = "DAY_12_1", "DAY_12_1\DAY_12_1.csproj", "{960E58C7-5DA4-46C1-92E0-AE9537004FB1}"
EndProject
Project("{FAE04EC0-301F-11D3-BF4B-00C04F79EFBC}") = "DAY_12_2", "DAY_12_2\DAY_12_2.csproj", "{4190BDE4-9CC3-4C75-86CB-E71D364DA701}"
EndProject
Project("{FAE04EC0-301F-11D3-BF4B-00C04F79EFBC}") = "DAY_13_1", "DAY_13_1\DAY_13_1.csproj", "{BCE90762-F773-4828-A530-61085145CBF3}"
EndProject
Project("{FAE04EC0-301F-11D3-BF4B-00C04F79EFBC}") = "DAY_13_2", "DAY_13_2\DAY_13_2.csproj", "{86AAB430-3DD6-4DFA-8A00-0EE4DF61FFD5}"
EndProject
Project("{FAE04EC0-301F-11D3-BF4B-00C04F79EFBC}") = "DAY_14_1", "DAY_14_1\DAY_14_1.csproj", "{DC97F28E-1838-49BE-A242-D0DBB936F753}"
EndProject
Project("{FAE04EC0-301F-11D3-BF4B-00C04F79EFBC}") = "DAY_14_2", "DAY_14_2\DAY_14_2.csproj", "{E11EFBF8-E3D7-40DA-A207-5C9325108B89}"
EndProject
Project("{FAE04EC0-301F-11D3-BF4B-00C04F79EFBC}") = "DAY_15_1", "DAY_15_1\DAY_15_1.csproj", "{0D52006B-B2A9-41FC-A424-A3AC9ECF952D}"
EndProject
Project("{FAE04EC0-301F-11D3-BF4B-00C04F79EFBC}") = "DAY_15_2", "DAY_15_2\DAY_15_2.csproj", "{A4B24F75-4F0F-4843-81B1-E291AF9D80AB}"
EndProject
Project("{FAE04EC0-301F-11D3-BF4B-00C04F79EFBC}") = "DAY_16_1", "DAY_16_1\DAY_16_1.csproj", "{800D1A11-4D4C-41B4-BE37-F3047F8BB95F}"
EndProject
Project("{FAE04EC0-301F-11D3-BF4B-00C04F79EFBC}") = "DAY_16_2", "DAY_16_2\DAY_16_2.csproj", "{56396556-6304-461F-A0BC-8E3587B802A7}"
EndProject
Project("{FAE04EC0-301F-11D3-BF4B-00C04F79EFBC}") = "DAY_17_1", "DAY_17_1\DAY_17_1.csproj", "{F468D737-EA40-40D4-AD6C-AAC7B51CCAD6}"
EndProject
Project("{FAE04EC0-301F-11D3-BF4B-00C04F79EFBC}") = "DAY_17_2", "DAY_17_2\DAY_17_2.csproj", "{3D6E4EA1-9B92-4F0C-A23F-8E5ED5D8D438}"
EndProject
Project("{FAE04EC0-301F-11D3-BF4B-00C04F79EFBC}") = "DAY_18_1", "DAY_18_1\DAY_18_1.csproj", "{BAAA8799-43CF-4BB8-8D3F-81EC2F6F6A03}"
EndProject
Project("{FAE04EC0-301F-11D3-BF4B-00C04F79EFBC}") = "DAY_18_2", "DAY_18_2\DAY_18_2.csproj", "{2398767D-58C7-4C44-A3DE-333D58904E3F}"
EndProject
Project("{FAE04EC0-301F-11D3-BF4B-00C04F79EFBC}") = "DAY_19_1", "DAY_19_1\DAY_19_1.csproj", "{F7482D06-E212-4A02-AD6A-AAACF4D8F62E}"
EndProject
Project("{FAE04EC0-301F-11D3-BF4B-00C04F79EFBC}") = "DAY_19_2", "DAY_19_2\DAY_19_2.csproj", "{42407077-18A2-4BE6-858F-5A7F8B32F3F1}"
EndProject
Project("{FAE04EC0-301F-11D3-BF4B-00C04F79EFBC}") = "DAY_20_1", "DAY_20_1\DAY_20_1.csproj", "{CD093F93-BDB2-467E-922B-FD8FBF5755B1}"
EndProject
Project("{FAE04EC0-301F-11D3-BF4B-00C04F79EFBC}") = "DAY_20_2", "DAY_20_2\DAY_20_2.csproj", "{7A0097F4-2A01-4208-AFB6-FEB40D38C638}"
EndProject
Project("{FAE04EC0-301F-11D3-BF4B-00C04F79EFBC}") = "DAY_21_1", "DAY_21_1\DAY_21_1.csproj", "{A6CA6CCB-C318-431D-BE29-0FE000AEB97B}"
EndProject
Project("{FAE04EC0-301F-11D3-BF4B-00C04F79EFBC}") = "DAY_21_2", "DAY_21_2\DAY_21_2.csproj", "{22AF8D2F-6759-4632-8BC1-38179ECF5FEB}"
EndProject
Project("{FAE04EC0-301F-11D3-BF4B-00C04F79EFBC}") = "DAY_22_1", "DAY_22_1\DAY_22_1.csproj", "{E748504B-755B-4486-8353-AFD6BBD42C10}"
EndProject
Project("{FAE04EC0-301F-11D3-BF4B-00C04F79EFBC}") = "DAY_22_2", "DAY_22_2\DAY_22_2.csproj", "{15A7B7CA-F5F3-4DDC-986D-4C04A155A387}"
EndProject
Project("{FAE04EC0-301F-11D3-BF4B-00C04F79EFBC}") = "DAY_23_1", "DAY_23_1\DAY_23_1.csproj", "{454E961B-9BDA-4AB8-BA8E-FC87BA3CDF94}"
EndProject
Project("{FAE04EC0-301F-11D3-BF4B-00C04F79EFBC}") = "DAY_23_2", "DAY_23_2\DAY_23_2.csproj", "{1FBAB5AA-5DFD-49C6-8936-8C3490AB4475}"
EndProject
Project("{FAE04EC0-301F-11D3-BF4B-00C04F79EFBC}") = "DAY_24_1", "DAY_24_1\DAY_24_1.csproj", "{5DE7006A-D394-4A55-A7F0-42561F908833}"
EndProject
Project("{FAE04EC0-301F-11D3-BF4B-00C04F79EFBC}") = "DAY_24_2", "DAY_24_2\DAY_24_2.csproj", "{45DF73C1-5A22-4597-8308-80005D5D3AAB}"
EndProject
Project("{FAE04EC0-301F-11D3-BF4B-00C04F79EFBC}") = "DAY_25_1", "DAY_25_1\DAY_25_1.csproj", "{3F5FE7D6-B337-4CC2-BC42-5F349D6650D1}"
EndProject
Project("{FAE04EC0-301F-11D3-BF4B-00C04F79EFBC}") = "DAY_25_2", "DAY_25_2\DAY_25_2.csproj", "{17078FC0-59D3-44C2-901A-C865AEE45DCB}"
EndProject
Global
	GlobalSection(SolutionConfigurationPlatforms) = preSolution
		Debug|Any CPU = Debug|Any CPU
		Release|Any CPU = Release|Any CPU
	EndGlobalSection
	GlobalSection(SolutionProperties) = preSolution
		HideSolutionNode = FALSE
	EndGlobalSection
	GlobalSection(ProjectConfigurationPlatforms) = postSolution
		{8B1A4F85-C462-4ABC-A066-92540DB384E1}.Debug|Any CPU.ActiveCfg = Debug|Any CPU
		{8B1A4F85-C462-4ABC-A066-92540DB384E1}.Debug|Any CPU.Build.0 = Debug|Any CPU
		{8B1A4F85-C462-4ABC-A066-92540DB384E1}.Release|Any CPU.ActiveCfg = Release|Any CPU
		{8B1A4F85-C462-4ABC-A066-92540DB384E1}.Release|Any CPU.Build.0 = Release|Any CPU
		{906F6D30-781E-4BF5-9EA2-AF2E71D60445}.Debug|Any CPU.ActiveCfg = Debug|Any CPU
		{906F6D30-781E-4BF5-9EA2-AF2E71D60445}.Debug|Any CPU.Build.0 = Debug|Any CPU
		{906F6D30-781E-4BF5-9EA2-AF2E71D60445}.Release|Any CPU.ActiveCfg = Release|Any CPU
		{906F6D30-781E-4BF5-9EA2-AF2E71D60445}.Release|Any CPU.Build.0 = Release|Any CPU
		{D172685B-BCC4-4FE8-813B-9A0F1A3CFC8D}.Debug|Any CPU.ActiveCfg = Debug|Any CPU
		{D172685B-BCC4-4FE8-813B-9A0F1A3CFC8D}.Debug|Any CPU.Build.0 = Debug|Any CPU
		{D172685B-BCC4-4FE8-813B-9A0F1A3CFC8D}.Release|Any CPU.ActiveCfg = Release|Any CPU
		{D172685B-BCC4-4FE8-813B-9A0F1A3CFC8D}.Release|Any CPU.Build.0 = Release|Any CPU
		{08B69276-7294-4D2E-93AF-279D8EE4A1F1}.Debug|Any CPU.ActiveCfg = Debug|Any CPU
		{08B69276-7294-4D2E-93AF-279D8EE4A1F1}.Debug|Any CPU.Build.0 = Debug|Any CPU
		{08B69276-7294-4D2E-93AF-279D8EE4A1F1}.Release|Any CPU.ActiveCfg = Release|Any CPU
		{08B69276-7294-4D2E-93AF-279D8EE4A1F1}.Release|Any CPU.Build.0 = Release|Any CPU
		{5AA01F85-669D-4735-874D-1C77D46A2359}.Debug|Any CPU.ActiveCfg = Debug|Any CPU
		{5AA01F85-669D-4735-874D-1C77D46A2359}.Debug|Any CPU.Build.0 = Debug|Any CPU
		{5AA01F85-669D-4735-874D-1C77D46A2359}.Release|Any CPU.ActiveCfg = Release|Any CPU
		{5AA01F85-669D-4735-874D-1C77D46A2359}.Release|Any CPU.Build.0 = Release|Any CPU
		{B8FB62ED-0B03-4803-B36E-18E1A1C07A0C}.Debug|Any CPU.ActiveCfg = Debug|Any CPU
		{B8FB62ED-0B03-4803-B36E-18E1A1C07A0C}.Debug|Any CPU.Build.0 = Debug|Any CPU
		{B8FB62ED-0B03-4803-B36E-18E1A1C07A0C}.Release|Any CPU.ActiveCfg = Release|Any CPU
		{B8FB62ED-0B03-4803-B36E-18E1A1C07A0C}.Release|Any CPU.Build.0 = Release|Any CPU
		{090FF997-50EA-4F64-8A85-5DE3815585BD}.Debug|Any CPU.ActiveCfg = Debug|Any CPU
		{090FF997-50EA-4F64-8A85-5DE3815585BD}.Debug|Any CPU.Build.0 = Debug|Any CPU
		{090FF997-50EA-4F64-8A85-5DE3815585BD}.Release|Any CPU.ActiveCfg = Release|Any CPU
		{090FF997-50EA-4F64-8A85-5DE3815585BD}.Release|Any CPU.Build.0 = Release|Any CPU
		{EC09AC72-C321-4ABD-A237-E51F185871DE}.Debug|Any CPU.ActiveCfg = Debug|Any CPU
		{EC09AC72-C321-4ABD-A237-E51F185871DE}.Debug|Any CPU.Build.0 = Debug|Any CPU
		{EC09AC72-C321-4ABD-A237-E51F185871DE}.Release|Any CPU.ActiveCfg = Release|Any CPU
		{EC09AC72-C321-4ABD-A237-E51F185871DE}.Release|Any CPU.Build.0 = Release|Any CPU
		{65447B73-6E5E-4871-85B6-66A53B11D501}.Debug|Any CPU.ActiveCfg = Debug|Any CPU
		{65447B73-6E5E-4871-85B6-66A53B11D501}.Debug|Any CPU.Build.0 = Debug|Any CPU
		{65447B73-6E5E-4871-85B6-66A53B11D501}.Release|Any CPU.ActiveCfg = Release|Any CPU
		{65447B73-6E5E-4871-85B6-66A53B11D501}.Release|Any CPU.Build.0 = Release|Any CPU
		{F0FE5171-4EEA-48CF-96F8-94781E702D1E}.Debug|Any CPU.ActiveCfg = Debug|Any CPU
		{F0FE5171-4EEA-48CF-96F8-94781E702D1E}.Debug|Any CPU.Build.0 = Debug|Any CPU
		{F0FE5171-4EEA-48CF-96F8-94781E702D1E}.Release|Any CPU.ActiveCfg = Release|Any CPU
		{F0FE5171-4EEA-48CF-96F8-94781E702D1E}.Release|Any CPU.Build.0 = Release|Any CPU
		{1444A9EF-8E7E-49E3-9A2E-F5AB003F8C1C}.Debug|Any CPU.ActiveCfg = Debug|Any CPU
		{1444A9EF-8E7E-49E3-9A2E-F5AB003F8C1C}.Debug|Any CPU.Build.0 = Debug|Any CPU
		{1444A9EF-8E7E-49E3-9A2E-F5AB003F8C1C}.Release|Any CPU.ActiveCfg = Release|Any CPU
		{1444A9EF-8E7E-49E3-9A2E-F5AB003F8C1C}.Release|Any CPU.Build.0 = Release|Any CPU
		{B34E591E-BE40-4A88-8C3F-8605E7B2C252}.Debug|Any CPU.ActiveCfg = Debug|Any CPU
		{B34E591E-BE40-4A88-8C3F-8605E7B2C252}.Debug|Any CPU.Build.0 = Debug|Any CPU
		{B34E591E-BE40-4A88-8C3F-8605E7B2C252}.Release|Any CPU.ActiveCfg = Release|Any CPU
		{B34E591E-BE40-4A88-8C3F-8605E7B2C252}.Release|Any CPU.Build.0 = Release|Any CPU
		{1ED7E9B0-C5DA-4EF1-B894-D9DFDE8075D6}.Debug|Any CPU.ActiveCfg = Debug|Any CPU
		{1ED7E9B0-C5DA-4EF1-B894-D9DFDE8075D6}.Debug|Any CPU.Build.0 = Debug|Any CPU
		{1ED7E9B0-C5DA-4EF1-B894-D9DFDE8075D6}.Release|Any CPU.ActiveCfg = Release|Any CPU
		{1ED7E9B0-C5DA-4EF1-B894-D9DFDE8075D6}.Release|Any CPU.Build.0 = Release|Any CPU
		{B7074089-9946-480F-93EC-4DE1C9B56649}.Debug|Any CPU.ActiveCfg = Debug|Any CPU
		{B7074089-9946-480F-93EC-4DE1C9B56649}.Debug|Any CPU.Build.0 = Debug|Any CPU
		{B7074089-9946-480F-93EC-4DE1C9B56649}.Release|Any CPU.ActiveCfg = Release|Any CPU
		{B7074089-9946-480F-93EC-4DE1C9B56649}.Release|Any CPU.Build.0 = Release|Any CPU
		{F0F3A6C0-1BA7-4A53-AD90-71CBC03A4F08}.Debug|Any CPU.ActiveCfg = Debug|Any CPU
		{F0F3A6C0-1BA7-4A53-AD90-71CBC03A4F08}.Debug|Any CPU.Build.0 = Debug|Any CPU
		{F0F3A6C0-1BA7-4A53-AD90-71CBC03A4F08}.Release|Any CPU.ActiveCfg = Release|Any CPU
		{F0F3A6C0-1BA7-4A53-AD90-71CBC03A4F08}.Release|Any CPU.Build.0 = Release|Any CPU
		{42184DE0-421F-4761-96FA-BEC3A16AAA00}.Debug|Any CPU.ActiveCfg = Debug|Any CPU
		{42184DE0-421F-4761-96FA-BEC3A16AAA00}.Debug|Any CPU.Build.0 = Debug|Any CPU
		{42184DE0-421F-4761-96FA-BEC3A16AAA00}.Release|Any CPU.ActiveCfg = Release|Any CPU
		{42184DE0-421F-4761-96FA-BEC3A16AAA00}.Release|Any CPU.Build.0 = Release|Any CPU
		{94B36EE8-B03C-4E41-9010-134A01F0AD3A}.Debug|Any CPU.ActiveCfg = Debug|Any CPU
		{94B36EE8-B03C-4E41-9010-134A01F0AD3A}.Debug|Any CPU.Build.0 = Debug|Any CPU
		{94B36EE8-B03C-4E41-9010-134A01F0AD3A}.Release|Any CPU.ActiveCfg = Release|Any CPU
		{94B36EE8-B03C-4E41-9010-134A01F0AD3A}.Release|Any CPU.Build.0 = Release|Any CPU
		{ECF9B981-9667-4F6E-B28D-A1D137E608EF}.Debug|Any CPU.ActiveCfg = Debug|Any CPU
		{ECF9B981-9667-4F6E-B28D-A1D137E608EF}.Debug|Any CPU.Build.0 = Debug|Any CPU
		{ECF9B981-9667-4F6E-B28D-A1D137E608EF}.Release|Any CPU.ActiveCfg = Release|Any CPU
		{ECF9B981-9667-4F6E-B28D-A1D137E608EF}.Release|Any CPU.Build.0 = Release|Any CPU
		{9393E4F6-CF2D-4990-B229-A4F37BB862B2}.Debug|Any CPU.ActiveCfg = Debug|Any CPU
		{9393E4F6-CF2D-4990-B229-A4F37BB862B2}.Debug|Any CPU.Build.0 = Debug|Any CPU
		{9393E4F6-CF2D-4990-B229-A4F37BB862B2}.Release|Any CPU.ActiveCfg = Release|Any CPU
		{9393E4F6-CF2D-4990-B229-A4F37BB862B2}.Release|Any CPU.Build.0 = Release|Any CPU
		{9F4700D5-4967-48A2-AFD6-33B7E289F277}.Debug|Any CPU.ActiveCfg = Debug|Any CPU
		{9F4700D5-4967-48A2-AFD6-33B7E289F277}.Debug|Any CPU.Build.0 = Debug|Any CPU
		{9F4700D5-4967-48A2-AFD6-33B7E289F277}.Release|Any CPU.ActiveCfg = Release|Any CPU
		{9F4700D5-4967-48A2-AFD6-33B7E289F277}.Release|Any CPU.Build.0 = Release|Any CPU
		{F58B29AF-B6AE-4513-BDEA-6235217A87F3}.Debug|Any CPU.ActiveCfg = Debug|Any CPU
		{F58B29AF-B6AE-4513-BDEA-6235217A87F3}.Debug|Any CPU.Build.0 = Debug|Any CPU
		{F58B29AF-B6AE-4513-BDEA-6235217A87F3}.Release|Any CPU.ActiveCfg = Release|Any CPU
		{F58B29AF-B6AE-4513-BDEA-6235217A87F3}.Release|Any CPU.Build.0 = Release|Any CPU
		{F88C7CE3-114A-47C8-9510-CE9B04061D41}.Debug|Any CPU.ActiveCfg = Debug|Any CPU
		{F88C7CE3-114A-47C8-9510-CE9B04061D41}.Debug|Any CPU.Build.0 = Debug|Any CPU
		{F88C7CE3-114A-47C8-9510-CE9B04061D41}.Release|Any CPU.ActiveCfg = Release|Any CPU
		{F88C7CE3-114A-47C8-9510-CE9B04061D41}.Release|Any CPU.Build.0 = Release|Any CPU
		{960E58C7-5DA4-46C1-92E0-AE9537004FB1}.Debug|Any CPU.ActiveCfg = Debug|Any CPU
		{960E58C7-5DA4-46C1-92E0-AE9537004FB1}.Debug|Any CPU.Build.0 = Debug|Any CPU
		{960E58C7-5DA4-46C1-92E0-AE9537004FB1}.Release|Any CPU.ActiveCfg = Release|Any CPU
		{960E58C7-5DA4-46C1-92E0-AE9537004FB1}.Release|Any CPU.Build.0 = Release|Any CPU
		{4190BDE4-9CC3-4C75-86CB-E71D364DA701}.Debug|Any CPU.ActiveCfg = Debug|Any CPU
		{4190BDE4-9CC3-4C75-86CB-E71D364DA701}.Debug|Any CPU.Build.0 = Debug|Any CPU
		{4190BDE4-9CC3-4C75-86CB-E71D364DA701}.Release|Any CPU.ActiveCfg = Release|Any CPU
		{4190BDE4-9CC3-4C75-86CB-E71D364DA701}.Release|Any CPU.Build.0 = Release|Any CPU
		{BCE90762-F773-4828-A530-61085145CBF3}.Debug|Any CPU.ActiveCfg = Debug|Any CPU
		{BCE90762-F773-4828-A530-61085145CBF3}.Debug|Any CPU.Build.0 = Debug|Any CPU
		{BCE90762-F773-4828-A530-61085145CBF3}.Release|Any CPU.ActiveCfg = Release|Any CPU
		{BCE90762-F773-4828-A530-61085145CBF3}.Release|Any CPU.Build.0 = Release|Any CPU
		{86AAB430-3DD6-4DFA-8A00-0EE4DF61FFD5}.Debug|Any CPU.ActiveCfg = Debug|Any CPU
		{86AAB430-3DD6-4DFA-8A00-0EE4DF61FFD5}.Debug|Any CPU.Build.0 = Debug|Any CPU
		{86AAB430-3DD6-4DFA-8A00-0EE4DF61FFD5}.Release|Any CPU.ActiveCfg = Release|Any CPU
		{86AAB430-3DD6-4DFA-8A00-0EE4DF61FFD5}.Release|Any CPU.Build.0 = Release|Any CPU
		{DC97F28E-1838-49BE-A242-D0DBB936F753}.Debug|Any CPU.ActiveCfg = Debug|Any CPU
		{DC97F28E-1838-49BE-A242-D0DBB936F753}.Debug|Any CPU.Build.0 = Debug|Any CPU
		{DC97F28E-1838-49BE-A242-D0DBB936F753}.Release|Any CPU.ActiveCfg = Release|Any CPU
		{DC97F28E-1838-49BE-A242-D0DBB936F753}.Release|Any CPU.Build.0 = Release|Any CPU
		{E11EFBF8-E3D7-40DA-A207-5C9325108B89}.Debug|Any CPU.ActiveCfg = Debug|Any CPU
		{E11EFBF8-E3D7-40DA-A207-5C9325108B89}.Debug|Any CPU.Build.0 = Debug|Any CPU
		{E11EFBF8-E3D7-40DA-A207-5C9325108B89}.Release|Any CPU.ActiveCfg = Release|Any CPU
		{E11EFBF8-E3D7-40DA-A207-5C9325108B89}.Release|Any CPU.Build.0 = Release|Any CPU
		{0D52006B-B2A9-41FC-A424-A3AC9ECF952D}.Debug|Any CPU.ActiveCfg = Debug|Any CPU
		{0D52006B-B2A9-41FC-A424-A3AC9ECF952D}.Debug|Any CPU.Build.0 = Debug|Any CPU
		{0D52006B-B2A9-41FC-A424-A3AC9ECF952D}.Release|Any CPU.ActiveCfg = Release|Any CPU
		{0D52006B-B2A9-41FC-A424-A3AC9ECF952D}.Release|Any CPU.Build.0 = Release|Any CPU
		{A4B24F75-4F0F-4843-81B1-E291AF9D80AB}.Debug|Any CPU.ActiveCfg = Debug|Any CPU
		{A4B24F75-4F0F-4843-81B1-E291AF9D80AB}.Debug|Any CPU.Build.0 = Debug|Any CPU
		{A4B24F75-4F0F-4843-81B1-E291AF9D80AB}.Release|Any CPU.ActiveCfg = Release|Any CPU
		{A4B24F75-4F0F-4843-81B1-E291AF9D80AB}.Release|Any CPU.Build.0 = Release|Any CPU
		{800D1A11-4D4C-41B4-BE37-F3047F8BB95F}.Debug|Any CPU.ActiveCfg = Debug|Any CPU
		{800D1A11-4D4C-41B4-BE37-F3047F8BB95F}.Debug|Any CPU.Build.0 = Debug|Any CPU
		{800D1A11-4D4C-41B4-BE37-F3047F8BB95F}.Release|Any CPU.ActiveCfg = Release|Any CPU
		{800D1A11-4D4C-41B4-BE37-F3047F8BB95F}.Release|Any CPU.Build.0 = Release|Any CPU
		{56396556-6304-461F-A0BC-8E3587B802A7}.Debug|Any CPU.ActiveCfg = Debug|Any CPU
		{56396556-6304-461F-A0BC-8E3587B802A7}.Debug|Any CPU.Build.0 = Debug|Any CPU
		{56396556-6304-461F-A0BC-8E3587B802A7}.Release|Any CPU.ActiveCfg = Release|Any CPU
		{56396556-6304-461F-A0BC-8E3587B802A7}.Release|Any CPU.Build.0 = Release|Any CPU
		{F468D737-EA40-40D4-AD6C-AAC7B51CCAD6}.Debug|Any CPU.ActiveCfg = Debug|Any CPU
		{F468D737-EA40-40D4-AD6C-AAC7B51CCAD6}.Debug|Any CPU.Build.0 = Debug|Any CPU
		{F468D737-EA40-40D4-AD6C-AAC7B51CCAD6}.Release|Any CPU.ActiveCfg = Release|Any CPU
		{F468D737-EA40-40D4-AD6C-AAC7B51CCAD6}.Release|Any CPU.Build.0 = Release|Any CPU
		{3D6E4EA1-9B92-4F0C-A23F-8E5ED5D8D438}.Debug|Any CPU.ActiveCfg = Debug|Any CPU
		{3D6E4EA1-9B92-4F0C-A23F-8E5ED5D8D438}.Debug|Any CPU.Build.0 = Debug|Any CPU
		{3D6E4EA1-9B92-4F0C-A23F-8E5ED5D8D438}.Release|Any CPU.ActiveCfg = Release|Any CPU
		{3D6E4EA1-9B92-4F0C-A23F-8E5ED5D8D438}.Release|Any CPU.Build.0 = Release|Any CPU
		{BAAA8799-43CF-4BB8-8D3F-81EC2F6F6A03}.Debug|Any CPU.ActiveCfg = Debug|Any CPU
		{BAAA8799-43CF-4BB8-8D3F-81EC2F6F6A03}.Debug|Any CPU.Build.0 = Debug|Any CPU
		{BAAA8799-43CF-4BB8-8D3F-81EC2F6F6A03}.Release|Any CPU.ActiveCfg = Release|Any CPU
		{BAAA8799-43CF-4BB8-8D3F-81EC2F6F6A03}.Release|Any CPU.Build.0 = Release|Any CPU
		{2398767D-58C7-4C44-A3DE-333D58904E3F}.Debug|Any CPU.ActiveCfg = Debug|Any CPU
		{2398767D-58C7-4C44-A3DE-333D58904E3F}.Debug|Any CPU.Build.0 = Debug|Any CPU
		{2398767D-58C7-4C44-A3DE-333D58904E3F}.Release|Any CPU.ActiveCfg = Release|Any CPU
		{2398767D-58C7-4C44-A3DE-333D58904E3F}.Release|Any CPU.Build.0 = Release|Any CPU
		{F7482D06-E212-4A02-AD6A-AAACF4D8F62E}.Debug|Any CPU.ActiveCfg = Debug|Any CPU
		{F7482D06-E212-4A02-AD6A-AAACF4D8F62E}.Debug|Any CPU.Build.0 = Debug|Any CPU
		{F7482D06-E212-4A02-AD6A-AAACF4D8F62E}.Release|Any CPU.ActiveCfg = Release|Any CPU
		{F7482D06-E212-4A02-AD6A-AAACF4D8F62E}.Release|Any CPU.Build.0 = Release|Any CPU
		{42407077-18A2-4BE6-858F-5A7F8B32F3F1}.Debug|Any CPU.ActiveCfg = Debug|Any CPU
		{42407077-18A2-4BE6-858F-5A7F8B32F3F1}.Debug|Any CPU.Build.0 = Debug|Any CPU
		{42407077-18A2-4BE6-858F-5A7F8B32F3F1}.Release|Any CPU.ActiveCfg = Release|Any CPU
		{42407077-18A2-4BE6-858F-5A7F8B32F3F1}.Release|Any CPU.Build.0 = Release|Any CPU
		{CD093F93-BDB2-467E-922B-FD8FBF5755B1}.Debug|Any CPU.ActiveCfg = Debug|Any CPU
		{CD093F93-BDB2-467E-922B-FD8FBF5755B1}.Debug|Any CPU.Build.0 = Debug|Any CPU
		{CD093F93-BDB2-467E-922B-FD8FBF5755B1}.Release|Any CPU.ActiveCfg = Release|Any CPU
		{CD093F93-BDB2-467E-922B-FD8FBF5755B1}.Release|Any CPU.Build.0 = Release|Any CPU
		{7A0097F4-2A01-4208-AFB6-FEB40D38C638}.Debug|Any CPU.ActiveCfg = Debug|Any CPU
		{7A0097F4-2A01-4208-AFB6-FEB40D38C638}.Debug|Any CPU.Build.0 = Debug|Any CPU
		{7A0097F4-2A01-4208-AFB6-FEB40D38C638}.Release|Any CPU.ActiveCfg = Release|Any CPU
		{7A0097F4-2A01-4208-AFB6-FEB40D38C638}.Release|Any CPU.Build.0 = Release|Any CPU
		{A6CA6CCB-C318-431D-BE29-0FE000AEB97B}.Debug|Any CPU.ActiveCfg = Debug|Any CPU
		{A6CA6CCB-C318-431D-BE29-0FE000AEB97B}.Debug|Any CPU.Build.0 = Debug|Any CPU
		{A6CA6CCB-C318-431D-BE29-0FE000AEB97B}.Release|Any CPU.ActiveCfg = Release|Any CPU
		{A6CA6CCB-C318-431D-BE29-0FE000AEB97B}.Release|Any CPU.Build.0 = Release|Any CPU
		{22AF8D2F-6759-4632-8BC1-38179ECF5FEB}.Debug|Any CPU.ActiveCfg = Debug|Any CPU
		{22AF8D2F-6759-4632-8BC1-38179ECF5FEB}.Debug|Any CPU.Build.0 = Debug|Any CPU
		{22AF8D2F-6759-4632-8BC1-38179ECF5FEB}.Release|Any CPU.ActiveCfg = Release|Any CPU
		{22AF8D2F-6759-4632-8BC1-38179ECF5FEB}.Release|Any CPU.Build.0 = Release|Any CPU
		{E748504B-755B-4486-8353-AFD6BBD42C10}.Debug|Any CPU.ActiveCfg = Debug|Any CPU
		{E748504B-755B-4486-8353-AFD6BBD42C10}.Debug|Any CPU.Build.0 = Debug|Any CPU
		{E748504B-755B-4486-8353-AFD6BBD42C10}.Release|Any CPU.ActiveCfg = Release|Any CPU
		{E748504B-755B-4486-8353-AFD6BBD42C10}.Release|Any CPU.Build.0 = Release|Any CPU
		{15A7B7CA-F5F3-4DDC-986D-4C04A155A387}.Debug|Any CPU.ActiveCfg = Debug|Any CPU
		{15A7B7CA-F5F3-4DDC-986D-4C04A155A387}.Debug|Any CPU.Build.0 = Debug|Any CPU
		{15A7B7CA-F5F3-4DDC-986D-4C04A155A387}.Release|Any CPU.ActiveCfg = Release|Any CPU
		{15A7B7CA-F5F3-4DDC-986D-4C04A155A387}.Release|Any CPU.Build.0 = Release|Any CPU
		{454E961B-9BDA-4AB8-BA8E-FC87BA3CDF94}.Debug|Any CPU.ActiveCfg = Debug|Any CPU
		{454E961B-9BDA-4AB8-BA8E-FC87BA3CDF94}.Debug|Any CPU.Build.0 = Debug|Any CPU
		{454E961B-9BDA-4AB8-BA8E-FC87BA3CDF94}.Release|Any CPU.ActiveCfg = Release|Any CPU
		{454E961B-9BDA-4AB8-BA8E-FC87BA3CDF94}.Release|Any CPU.Build.0 = Release|Any CPU
		{1FBAB5AA-5DFD-49C6-8936-8C3490AB4475}.Debug|Any CPU.ActiveCfg = Debug|Any CPU
		{1FBAB5AA-5DFD-49C6-8936-8C3490AB4475}.Debug|Any CPU.Build.0 = Debug|Any CPU
		{1FBAB5AA-5DFD-49C6-8936-8C3490AB4475}.Release|Any CPU.ActiveCfg = Release|Any CPU
		{1FBAB5AA-5DFD-49C6-8936-8C3490AB4475}.Release|Any CPU.Build.0 = Release|Any CPU
		{5DE7006A-D394-4A55-A7F0-42561F908833}.Debug|Any CPU.ActiveCfg = Debug|Any CPU
		{5DE7006A-D394-4A55-A7F0-42561F908833}.Debug|Any CPU.Build.0 = Debug|Any CPU
		{5DE7006A-D394-4A55-A7F0-42561F908833}.Release|Any CPU.ActiveCfg = Release|Any CPU
		{5DE7006A-D394-4A55-A7F0-42561F908833}.Release|Any CPU.Build.0 = Release|Any CPU
		{45DF73C1-5A22-4597-8308-80005D5D3AAB}.Debug|Any CPU.ActiveCfg = Debug|Any CPU
		{45DF73C1-5A22-4597-8308-80005D5D3AAB}.Debug|Any CPU.Build.0 = Debug|Any CPU
		{45DF73C1-5A22-4597-8308-80005D5D3AAB}.Release|Any CPU.ActiveCfg = Release|Any CPU
		{45DF73C1-5A22-4597-8308-80005D5D3AAB}.Release|Any CPU.Build.0 = Release|Any CPU
		{3F5FE7D6-B337-4CC2-BC42-5F349D6650D1}.Debug|Any CPU.ActiveCfg = Debug|Any CPU
		{3F5FE7D6-B337-4CC2-BC42-5F349D6650D1}.Debug|Any CPU.Build.0 = Debug|Any CPU
		{3F5FE7D6-B337-4CC2-BC42-5F349D6650D1}.Release|Any CPU.ActiveCfg = Release|Any CPU
		{3F5FE7D6-B337-4CC2-BC42-5F349D6650D1}.Release|Any CPU.Build.0 = Release|Any CPU
		{17078FC0-59D3-44C2-901A-C865AEE45DCB}.Debug|Any CPU.ActiveCfg = Debug|Any CPU
		{17078FC0-59D3-44C2-901A-C865AEE45DCB}.Debug|Any CPU.Build.0 = Debug|Any CPU
		{17078FC0-59D3-44C2-901A-C865AEE45DCB}.Release|Any CPU.ActiveCfg = Release|Any CPU
		{17078FC0-59D3-44C2-901A-C865AEE45DCB}.Release|Any CPU.Build.0 = Release|Any CPU
	EndGlobalSection
EndGlobal
